{
  "name": "playcanvas-gltf",
  "version": "1.0.0",
  "lockfileVersion": 2,
  "requires": true,
  "packages": {
    "": {
      "name": "playcanvas-gltf",
      "version": "1.0.0",
      "license": "MIT",
      "dependencies": {
        "@playcanvas/pcui": "^1.1.21",
        "playcanvas": "^1.42.0"
      },
      "engines": {
        "node": ">= 0.6.12"
      }
    },
    "node_modules/@playcanvas/pcui": {
      "version": "1.1.21",
      "resolved": "https://registry.npmjs.org/@playcanvas/pcui/-/pcui-1.1.21.tgz",
      "integrity": "sha512-zaXxFHSc8II5DgZ2Ael/wbXr1Cb8V2nADtKK9O2Xdn15j5CkeTHVkh5c/n5eXrlGRghfML9iWv1FgtprrSyP6g=="
    },
    "node_modules/playcanvas": {
      "version": "1.42.0",
      "resolved": "https://registry.npmjs.org/playcanvas/-/playcanvas-1.42.0.tgz",
      "integrity": "sha512-SeGHchEImbYKnMkBQ04oxERm3l2zDwTz62hC+2CA5cwBQLMEujFjCSmwSesxcBl7q7dssQOm0ue0NZ1CTHIBHA=="
    }
  },
  "dependencies": {
    "@playcanvas/pcui": {
      "version": "1.1.21",
      "resolved": "https://registry.npmjs.org/@playcanvas/pcui/-/pcui-1.1.21.tgz",
      "integrity": "sha512-zaXxFHSc8II5DgZ2Ael/wbXr1Cb8V2nADtKK9O2Xdn15j5CkeTHVkh5c/n5eXrlGRghfML9iWv1FgtprrSyP6g=="
    },
    "playcanvas": {
      "version": "1.42.0",
      "resolved": "https://registry.npmjs.org/playcanvas/-/playcanvas-1.42.0.tgz",
      "integrity": "sha512-SeGHchEImbYKnMkBQ04oxERm3l2zDwTz62hC+2CA5cwBQLMEujFjCSmwSesxcBl7q7dssQOm0ue0NZ1CTHIBHA=="
    }
  }
}
